PODS:
  - ReactiveSwift (6.6.1)
  - SDWebImage (5.11.1):
    - SDWebImage/Core (= 5.11.1)
  - SDWebImage/Core (5.11.1)
  - SnapKit (5.0.1)

DEPENDENCIES:
  - ReactiveSwift (~> 6.1)
  - SDWebImage (~> 5.0)
  - SnapKit

SPEC REPOS:
  trunk:
    - ReactiveSwift
    - SDWebImage
    - SnapKit

SPEC CHECKSUMS:
  ReactiveSwift: fab34244ad908808dc822bae352a058c8837c4ca
  SDWebImage: a7f831e1a65eb5e285e3fb046a23fcfbf08e696d
  SnapKit: 97b92857e3df3a0c71833cce143274bf6ef8e5eb

PODFILE CHECKSUM: 1dbf3c4c634fad622a16bec60ba2ec4f1db1ea68

COCOAPODS: 1.10.1
